<?xml version="1.0" encoding="utf-8"?>
<Project ToolsVersion="4.0" xmlns="http://schemas.microsoft.com/developer/msbuild/2003">
  <ItemGroup>
    <Filter Include="Source Files">
      <UniqueIdentifier>{4FC737F1-C7A5-4376-A066-2A32D752A2FF}</UniqueIdentifier>
      <Extensions>cpp;c;cc;cxx;def;odl;idl;hpj;bat;asm;asmx</Extensions>
    </Filter>
    <Filter Include="Header Files">
      <UniqueIdentifier>{93995380-89BD-4b04-88EB-625FBE52EBFB}</UniqueIdentifier>
      <Extensions>h;hpp;hxx;hm;inl;inc;xsd</Extensions>
    </Filter>
    <Filter Include="Resource Files">
      <UniqueIdentifier>{67DA6AB6-F800-4c08-8B7A-83BB121AAD01}</UniqueIdentifier>
      <Extensions>rc;ico;cur;bmp;dlg;rc2;rct;bin;rgs;gif;jpg;jpeg;jpe;resx;tiff;tif;png;wav</Extensions>
    </Filter>
    <Filter Include="Strategy">
      <UniqueIdentifier>{39316639-7e01-481f-afb3-41da10802c16}</UniqueIdentifier>
    </Filter>
    <Filter Include="Data">
      <UniqueIdentifier>{adab36b6-4c25-4cc2-ab67-c4e1f57f4d66}</UniqueIdentifier>
    </Filter>
    <Filter Include="indicator">
      <UniqueIdentifier>{539cc29e-0a37-448b-930b-96ce014d3006}</UniqueIdentifier>
    </Filter>
  </ItemGroup>
  <ItemGroup>
    <ClCompile Include="BOLLLine.cpp">
      <Filter>Source Files</Filter>
    </ClCompile>
    <ClCompile Include="Break20WeekKLine.cpp">
      <Filter>Source Files</Filter>
    </ClCompile>
    <ClCompile Include="BreakAllMAs.cpp">
      <Filter>Source Files</Filter>
    </ClCompile>
    <ClCompile Include="CalculateCrossMA.cpp">
      <Filter>Source Files</Filter>
    </ClCompile>
    <ClCompile Include="CalculateCrossMACD.cpp">
      <Filter>Source Files</Filter>
    </ClCompile>
    <ClCompile Include="calculatestrategythread.cpp">
      <Filter>Source Files</Filter>
    </ClCompile>
    <ClCompile Include="ConfigDlg.cpp">
      <Filter>Source Files</Filter>
    </ClCompile>
    <ClCompile Include="Configuration.cpp">
      <Filter>Source Files</Filter>
    </ClCompile>
    <ClCompile Include="crossMA_result_reader.cpp">
      <Filter>Source Files</Filter>
    </ClCompile>
    <ClCompile Include="CrossMALine.cpp">
      <Filter>Source Files</Filter>
    </ClCompile>
    <ClCompile Include="CSpreadSheet.cpp">
      <Filter>Source Files</Filter>
    </ClCompile>
    <ClCompile Include="DlgMAEditor.cpp">
      <Filter>Source Files</Filter>
    </ClCompile>
    <ClCompile Include="DlgProgress.cpp">
      <Filter>Source Files</Filter>
    </ClCompile>
    <ClCompile Include="DlgQuotLegend.cpp">
      <Filter>Source Files</Filter>
    </ClCompile>
    <ClCompile Include="DlgStrategyEditor.cpp">
      <Filter>Source Files</Filter>
    </ClCompile>
    <ClCompile Include="DlgStrategyResult.cpp">
      <Filter>Source Files</Filter>
    </ClCompile>
    <ClCompile Include="ema.cpp">
      <Filter>Source Files</Filter>
    </ClCompile>
    <ClCompile Include="finacealgo.cpp">
      <Filter>Source Files</Filter>
    </ClCompile>
    <ClCompile Include="..\..\Utilities\FrameworkCls.cpp">
      <Filter>Source Files</Filter>
    </ClCompile>
    <ClCompile Include="HistoryDataDownloader.cpp">
      <Filter>Source Files</Filter>
    </ClCompile>
    <ClCompile Include="HistoryDataLoader.cpp">
      <Filter>Source Files</Filter>
    </ClCompile>
    <ClCompile Include="HttpDownloader.cpp">
      <Filter>Source Files</Filter>
    </ClCompile>
    <ClCompile Include="instrumentmanager.cpp">
      <Filter>Source Files</Filter>
    </ClCompile>
    <ClCompile Include="KLineDlg.cpp">
      <Filter>Source Files</Filter>
    </ClCompile>
    <ClCompile Include="macd.cpp">
      <Filter>Source Files</Filter>
    </ClCompile>
    <ClCompile Include="maline.cpp">
      <Filter>Source Files</Filter>
    </ClCompile>
    <ClCompile Include="MAOffsetStrategy.cpp">
      <Filter>Source Files</Filter>
    </ClCompile>
    <ClCompile Include="MonthLine.cpp">
      <Filter>Source Files</Filter>
    </ClCompile>
    <ClCompile Include="NewHighPrice.cpp">
      <Filter>Source Files</Filter>
    </ClCompile>
    <ClCompile Include="Product.cpp">
      <Filter>Source Files</Filter>
    </ClCompile>
    <ClCompile Include="ProductDataLoader.cpp">
      <Filter>Source Files</Filter>
    </ClCompile>
    <ClCompile Include="QuanAnalyzer.cpp">
      <Filter>Source Files</Filter>
    </ClCompile>
    <ClCompile Include="QuotationReceiver.cpp">
      <Filter>Source Files</Filter>
    </ClCompile>
    <ClCompile Include="statresultfile.cpp">
      <Filter>Source Files</Filter>
    </ClCompile>
    <ClCompile Include="stdafx.cpp">
      <Filter>Source Files</Filter>
    </ClCompile>
    <ClCompile Include="StockAnalyst.cpp">
      <Filter>Source Files</Filter>
    </ClCompile>
    <ClCompile Include="StockAnlysis.cpp">
      <Filter>Source Files</Filter>
    </ClCompile>
    <ClCompile Include="StockAnlysisDlg.cpp">
      <Filter>Source Files</Filter>
    </ClCompile>
    <ClCompile Include="StockDataStructures.cpp">
      <Filter>Source Files</Filter>
    </ClCompile>
    <ClCompile Include="Strategy.cpp">
      <Filter>Source Files</Filter>
    </ClCompile>
    <ClCompile Include="strategycalculator.cpp">
      <Filter>Source Files</Filter>
    </ClCompile>
    <ClCompile Include="StrategyFactory.cpp">
      <Filter>Source Files</Filter>
    </ClCompile>
    <ClCompile Include="TheLargestGain.cpp">
      <Filter>Source Files</Filter>
    </ClCompile>
    <ClCompile Include="TrendMALine.cpp">
      <Filter>Source Files</Filter>
    </ClCompile>
    <ClCompile Include="TurnPoint.cpp">
      <Filter>Source Files</Filter>
    </ClCompile>
    <ClCompile Include="..\..\Utilities\Utilities.cpp">
      <Filter>Source Files</Filter>
    </ClCompile>
    <ClCompile Include="VolumeMALine.cpp">
      <Filter>Source Files</Filter>
    </ClCompile>
    <ClCompile Include="weekline.cpp">
      <Filter>Source Files</Filter>
    </ClCompile>
    <ClCompile Include="ZSDataLoader.cpp">
      <Filter>Source Files</Filter>
    </ClCompile>
    <ClCompile Include="crossmacdstrategy.cpp">
      <Filter>Strategy</Filter>
    </ClCompile>
    <ClCompile Include="CrossMAStrategy.cpp">
      <Filter>Strategy</Filter>
    </ClCompile>
    <ClCompile Include="CrossWeekLineStrategy.cpp">
      <Filter>Strategy</Filter>
    </ClCompile>
    <ClCompile Include="reboundstrategy.cpp">
      <Filter>Strategy</Filter>
    </ClCompile>
    <ClCompile Include="TrendMACrossStrategy.cpp">
      <Filter>Strategy</Filter>
    </ClCompile>
    <ClCompile Include="TrendStrategy.cpp">
      <Filter>Strategy</Filter>
    </ClCompile>
    <ClCompile Include="VolumeCrossStrategy.cpp">
      <Filter>Strategy</Filter>
    </ClCompile>
    <ClCompile Include="TushareDataLoader.cpp">
      <Filter>Data</Filter>
    </ClCompile>
    <ClCompile Include="macdstrategy.cpp">
      <Filter>Strategy</Filter>
    </ClCompile>
    <ClCompile Include="MAStrategy.cpp">
      <Filter>Strategy</Filter>
    </ClCompile>
    <ClCompile Include="indicator.cpp">
      <Filter>indicator</Filter>
    </ClCompile>
    <ClCompile Include="Algorithm.cpp">
      <Filter>Source Files</Filter>
    </ClCompile>
  </ItemGroup>
  <ItemGroup>
    <ClInclude Include="Algorithm.h">
      <Filter>Header Files</Filter>
    </ClInclude>
    <ClInclude Include="BOLLLine.h">
      <Filter>Header Files</Filter>
    </ClInclude>
    <ClInclude Include="Break20WeekKLine.h">
      <Filter>Header Files</Filter>
    </ClInclude>
    <ClInclude Include="BreakAllMAs.h">
      <Filter>Header Files</Filter>
    </ClInclude>
    <ClInclude Include="CalculateCrossMA.h">
      <Filter>Header Files</Filter>
    </ClInclude>
    <ClInclude Include="CalculateCrossMACD.h">
      <Filter>Header Files</Filter>
    </ClInclude>
    <ClInclude Include="calculatestrategythread.h">
      <Filter>Header Files</Filter>
    </ClInclude>
    <ClInclude Include="ConfigDlg.h">
      <Filter>Header Files</Filter>
    </ClInclude>
    <ClInclude Include="Configuration.h">
      <Filter>Header Files</Filter>
    </ClInclude>
    <ClInclude Include="crossMA_result_reader.h">
      <Filter>Header Files</Filter>
    </ClInclude>
    <ClInclude Include="CrossMALine.h">
      <Filter>Header Files</Filter>
    </ClInclude>
    <ClInclude Include="CSpreadSheet.h">
      <Filter>Header Files</Filter>
    </ClInclude>
    <ClInclude Include="DlgMAEditor.h">
      <Filter>Header Files</Filter>
    </ClInclude>
    <ClInclude Include="DlgProgress.h">
      <Filter>Header Files</Filter>
    </ClInclude>
    <ClInclude Include="DlgQuotLegend.h">
      <Filter>Header Files</Filter>
    </ClInclude>
    <ClInclude Include="DlgStrategyEditor.h">
      <Filter>Header Files</Filter>
    </ClInclude>
    <ClInclude Include="DlgStrategyResult.h">
      <Filter>Header Files</Filter>
    </ClInclude>
    <ClInclude Include="ema.h">
      <Filter>Header Files</Filter>
    </ClInclude>
    <ClInclude Include="financealgo.h">
      <Filter>Header Files</Filter>
    </ClInclude>
    <ClInclude Include="..\..\Utilities\FrameworkCls.h">
      <Filter>Header Files</Filter>
    </ClInclude>
    <ClInclude Include="HistoryDataDownloader.h">
      <Filter>Header Files</Filter>
    </ClInclude>
    <ClInclude Include="HistoryDataLoader.h">
      <Filter>Header Files</Filter>
    </ClInclude>
    <ClInclude Include="HttpDownloader.h">
      <Filter>Header Files</Filter>
    </ClInclude>
    <ClInclude Include="instrumentmanager.h">
      <Filter>Header Files</Filter>
    </ClInclude>
    <ClInclude Include="KLineDlg.h">
      <Filter>Header Files</Filter>
    </ClInclude>
    <ClInclude Include="macd.h">
      <Filter>Header Files</Filter>
    </ClInclude>
    <ClInclude Include="maline.h">
      <Filter>Header Files</Filter>
    </ClInclude>
    <ClInclude Include="MAOffsetStrategy.h">
      <Filter>Header Files</Filter>
    </ClInclude>
    <ClInclude Include="MonthLine.h">
      <Filter>Header Files</Filter>
    </ClInclude>
    <ClInclude Include="NewHighPrice.h">
      <Filter>Header Files</Filter>
    </ClInclude>
    <ClInclude Include="Product.h">
      <Filter>Header Files</Filter>
    </ClInclude>
    <ClInclude Include="ProductDataLoader.h">
      <Filter>Header Files</Filter>
    </ClInclude>
    <ClInclude Include="qa_msgno.h">
      <Filter>Header Files</Filter>
    </ClInclude>
    <ClInclude Include="QuanAnalyzer.h">
      <Filter>Header Files</Filter>
    </ClInclude>
    <ClInclude Include="QuotationReceiver.h">
      <Filter>Header Files</Filter>
    </ClInclude>
    <ClInclude Include="Resource.h">
      <Filter>Header Files</Filter>
    </ClInclude>
    <ClInclude Include="statresultfile.h">
      <Filter>Header Files</Filter>
    </ClInclude>
    <ClInclude Include="stdafx.h">
      <Filter>Header Files</Filter>
    </ClInclude>
    <ClInclude Include="StockAnalyst.h">
      <Filter>Header Files</Filter>
    </ClInclude>
    <ClInclude Include="StockAnlysis.h">
      <Filter>Header Files</Filter>
    </ClInclude>
    <ClInclude Include="StockAnlysisDlg.h">
      <Filter>Header Files</Filter>
    </ClInclude>
    <ClInclude Include="StockDataStructures.h">
      <Filter>Header Files</Filter>
    </ClInclude>
    <ClInclude Include="Strategy.h">
      <Filter>Header Files</Filter>
    </ClInclude>
    <ClInclude Include="strategycalculator.h">
      <Filter>Header Files</Filter>
    </ClInclude>
    <ClInclude Include="StrategyFactory.h">
      <Filter>Header Files</Filter>
    </ClInclude>
    <ClInclude Include="TheLargestGain.h">
      <Filter>Header Files</Filter>
    </ClInclude>
    <ClInclude Include="TrendMALine.h">
      <Filter>Header Files</Filter>
    </ClInclude>
    <ClInclude Include="TurnPoint.h">
      <Filter>Header Files</Filter>
    </ClInclude>
    <ClInclude Include="..\..\Utilities\Utilities.h">
      <Filter>Header Files</Filter>
    </ClInclude>
    <ClInclude Include="VolumeMALine.h">
      <Filter>Header Files</Filter>
    </ClInclude>
    <ClInclude Include="weekline.h">
      <Filter>Header Files</Filter>
    </ClInclude>
    <ClInclude Include="ZSDataLoader.h">
      <Filter>Header Files</Filter>
    </ClInclude>
    <ClInclude Include="crossmacdstrategy.h">
      <Filter>Strategy</Filter>
    </ClInclude>
    <ClInclude Include="CrossMAStrategy.h">
      <Filter>Strategy</Filter>
    </ClInclude>
    <ClInclude Include="CrossWeekLineStrategy.h">
      <Filter>Strategy</Filter>
    </ClInclude>
    <ClInclude Include="macdstrategy.h">
      <Filter>Strategy</Filter>
    </ClInclude>
    <ClInclude Include="MAStrategy.h">
      <Filter>Strategy</Filter>
    </ClInclude>
    <ClInclude Include="reboundstrategy.h">
      <Filter>Strategy</Filter>
    </ClInclude>
    <ClInclude Include="TrendMACrossStrategy.h">
      <Filter>Strategy</Filter>
    </ClInclude>
    <ClInclude Include="TrendStrategy.h">
      <Filter>Strategy</Filter>
    </ClInclude>
    <ClInclude Include="VolumeCrossStrategy.h">
      <Filter>Strategy</Filter>
    </ClInclude>
    <ClInclude Include="TushareDataLoader.h">
      <Filter>Data</Filter>
    </ClInclude>
    <ClInclude Include="indicator.h">
      <Filter>indicator</Filter>
    </ClInclude>
  </ItemGroup>
  <ItemGroup>
    <Image Include="res\StockAnlysis.ico">
      <Filter>Resource Files</Filter>
    </Image>
  </ItemGroup>
  <ItemGroup>
    <ResourceCompile Include="StockAnlysis.rc">
      <Filter>Resource Files</Filter>
    </ResourceCompile>
  </ItemGroup>
  <ItemGroup>
    <None Include="res\StockAnlysis.rc2">
      <Filter>Resource Files</Filter>
    </None>
  </ItemGroup>
  <ItemGroup>
    <Text Include="ReadMe.txt" />
  </ItemGroup>
</Project>